
Microsoft Visual Studio Solution File, Format Version 12.00
# Visual Studio 15
VisualStudioVersion = 15.0.27703.2018
MinimumVisualStudioVersion = 10.0.40219.1
Project("{FAE04EC0-301F-11D3-BF4B-00C04F79EFBC}") = "ModerateValidation", "ModerateValidation\ModerateValidation.csproj", "{B7BDCA67-F1EB-49BB-81E4-EE933159CC4A}"
EndProject
Project("{FAE04EC0-301F-11D3-BF4B-00C04F79EFBC}") = "ModerateValidator", "ModerateValidator\ModerateValidator.csproj", "{DFC7D589-E288-488D-82F4-7DD920433BD3}"
EndProject
Global
	GlobalSection(SolutionConfigurationPlatforms) = preSolution
		Debug|Any CPU = Debug|Any CPU
		Release|Any CPU = Release|Any CPU
	EndGlobalSection
	GlobalSection(ProjectConfigurationPlatforms) = postSolution
		{B7BDCA67-F1EB-49BB-81E4-EE933159CC4A}.Debug|Any CPU.ActiveCfg = Debug|Any CPU
		{B7BDCA67-F1EB-49BB-81E4-EE933159CC4A}.Debug|Any CPU.Build.0 = Debug|Any CPU
		{B7BDCA67-F1EB-49BB-81E4-EE933159CC4A}.Release|Any CPU.ActiveCfg = Release|Any CPU
		{B7BDCA67-F1EB-49BB-81E4-EE933159CC4A}.Release|Any CPU.Build.0 = Release|Any CPU
		{DFC7D589-E288-488D-82F4-7DD920433BD3}.Debug|Any CPU.ActiveCfg = Debug|Any CPU
		{DFC7D589-E288-488D-82F4-7DD920433BD3}.Debug|Any CPU.Build.0 = Debug|Any CPU
		{DFC7D589-E288-488D-82F4-7DD920433BD3}.Release|Any CPU.ActiveCfg = Release|Any CPU
		{DFC7D589-E288-488D-82F4-7DD920433BD3}.Release|Any CPU.Build.0 = Release|Any CPU
	EndGlobalSection
	GlobalSection(SolutionProperties) = preSolution
		HideSolutionNode = FALSE
	EndGlobalSection
	GlobalSection(ExtensibilityGlobals) = postSolution
		SolutionGuid = {1BE7CCC5-3980-45EA-90E4-BB5689EBB91E}
	EndGlobalSection
EndGlobal
